cloud.google.com/go v0.123.0 h1:2NAUJwPR47q+E35uaJeYoNhuNEM9kM8SjgRgdeOJUSE=
cloud.google.com/go v0.123.0/go.mod h1:xBoMV08QcqUGuPW65Qfm1o9Y4zKZBpGS+7bImXLTAZU=
github.com/MarkRosemaker/errpath v0.0.0-20260425165607-bbd4959d04d9 h1:z9JAM7/nPytzu4NSjcqt+5OXmAfhS2jNxyW/yNGd1yQ=
github.com/MarkRosemaker/errpath v0.0.0-20260425165607-bbd4959d04d9/go.mod h1:VnXpUlsS3n1gSToedcQl2FCARGoA16CyitbCanUIv+I=
github.com/MarkRosemaker/json2yaml v0.0.0-20260507220148-d6cc0d01bff0 h1:9GB1anTC/7DR/G5LEUIQ4Ejn9lGt/YLlSzbycHEUKs0=
github.com/MarkRosemaker/json2yaml v0.0.0-20260507220148-d6cc0d01bff0/go.mod h1:SNnMfdX8qWy8+LhVMwvJU1CxWj6/HWeEh1jFREniPXg=
github.com/MarkRosemaker/jsonutil v0.0.0-20260718153618-78b5039427a4 h1:n2PpiQa2D7xaPuPd0CO+8A9zR0PyZxdrk6NUd/SbuPI=
github.com/MarkRosemaker/jsonutil v0.0.0-20260718153618-78b5039427a4/go.mod h1:1G6zbTPTdPOnBs2iLOpq3WzCFi3Gq3Y5rFOIPWst9C8=
github.com/MarkRosemaker/openapi v0.0.0-20260820160151-de7a41b136a1 h1:Qq+s0E0SAgrucGw22tNxx+8IEx2+e9fgKACKNHg4ilo=
github.com/MarkRosemaker/openapi v0.0.0-20260820160151-de7a41b136a1/go.mod h1:Ozf5npAIK7YGW6Moh4BHpSID4GKBD20xDOUH4imHGEo=
github.com/MarkRosemaker/openapi-codegen v0.0.0-20260819142118-96bce8b45793 h1:WdtijUgFAbrQls68ggUK3/h3HbT8a60ZSCc3f4Tuzp8=
github.com/MarkRosemaker/openapi-codegen v0.0.0-20260819142118-96bce8b45793/go.mod h1:CAP3Ooa9FHNs4yB8WRoC6xYEbgYe/grlWWvzbgIV2Xs=
github.com/MarkRosemaker/openapi-compare v0.0.0-20260820160232-bb2bacb1ba6e h1:hseif23jrXCwu1Mc9QJaPSbxaXDVKFH1Cwi7W/pL3H0=
github.com/MarkRosemaker/openapi-compare v0.0.0-20260820160232-bb2bacb1ba6e/go.mod h1:vZOaMnXNpF9aq6REEPEoQA9KNt8BN9+QBgIqA5x9qmU=
github.com/MarkRosemaker/openapi-compress v0.0.0-20260819161509-4f330f849f38 h1:7DI/VURACTW/uNYQW30VHThPy/YNyHUpmR7zeOOadIw=
github.com/MarkRosemaker/openapi-compress v0.0.0-20260819161509-4f330f849f38/go.mod h1:HYJPvXmSw4J0PwatFvJxLoWSDqWdVjjtT6PEf1dLogQ=
github.com/MarkRosemaker/openapi-enrich v0.0.0-20260820161439-d0d5f1c7112d h1:C05mAkQdh14JA+xpIIdc7SRmnUxVuyyXq7+NKzhGGFs=
github.com/MarkRosemaker/openapi-enrich v0.0.0-20260820161439-d0d5f1c7112d/go.mod h1:5F0L7nlhKVjxj1O/E9Wgkdc7Qxg1wisfQM5Inx1Kiu4=
github.com/MarkRosemaker/openapi-flatten v0.0.0-20260820160336-c4c88aa56e6a h1:FOqsczaic8Q5C33hJjT7TYMlR0I1wr9p2qtgVhj+IKc=
github.com/MarkRosemaker/openapi-flatten v0.0.0-20260820160336-c4c88aa56e6a/go.mod h1:ZEhQEP3vTwRbe35NImkhKPwicBGBXg5PrW2nv21sluw=
github.com/MarkRosemaker/openapi-merge v0.0.0-20260820160232-909cf279cd8b h1:wR2Jg1ApFzCUBwwnapvDdLaqAevxQkN/FjbnuXNvBV4=
github.com/MarkRosemaker/openapi-merge v0.0.0-20260820160232-909cf279cd8b/go.mod h1:28hcEvRxBQFF8jA3iZ/JKUn4M3ec4jOKKvvOcCZqhhI=
github.com/MarkRosemaker/ordmap v0.0.0-20260820160128-6fdc6d1395b1 h1:pXJl+9echPx+Lvrf8TQusoQjSSrq53xI3owKKSFOTVA=
github.com/MarkRosemaker/ordmap v0.0.0-20260820160128-6fdc6d1395b1/go.mod h1:cNIbLUS4zuYV2W7k3+y52COJo6a0tXOwkoNP99LG5fk=
github.com/MarkRosemaker/yaml v0.0.0-20260508005758-fe21a538b084 h1:ANUVXeLrgCDf2HZuqprb4BK2ZJC/HSGENaTo+Pp3zaM=
github.com/MarkRosemaker/yaml v0.0.0-20260508005758-fe21a538b084/go.mod h1:SDtV3o7QG3ZBjgjPe9PLGQEp5pxKgP+lmXvQRrKNhuI=
github.com/MarkRosemaker/yaml2json v0.0.0-20260507220136-7748efc522b2 h1:dEXAUQ4vLk1WNFTMx36HMYSn5cIjtQFReB9+0GX6QFU=
github.com/MarkRosemaker/yaml2json v0.0.0-20260507220136-7748efc522b2/go.mod h1:8s2Ukgy4JjwYPcdig9dl2SbP5L+/wX4MNIvbqLhEWpk=
github.com/ettle/strcase v0.2.0 h1:fGNiVF21fHXpX1niBgk0aROov1LagYsOwV/xqKDKR/Q=
github.com/ettle/strcase v0.2.0/go.mod h1:DajmHElDSaX76ITe3/VHVyMin4LWSJN5Z909Wp+ED1A=
github.com/go-api-libs/api v0.0.0-20260705004954-dad48fbb4ab2 h1:k5nmHR2NVSpTB+mqbdeVo53ErdoG1senoACPxMaXE7c=
github.com/go-api-libs/api v0.0.0-20260705004954-dad48fbb4ab2/go.mod h1:zxEwsD19APvwWpkkntPl0vFWzayct/iPIaYFwIu0tRs=
github.com/go-api-libs/types v0.0.0-20251210072721-82754f56609d h1:OihMUySw53Oy0DTnE1CAfQ6YkX5/NBaS8Vc2Ww4T56Y=
github.com/go-api-libs/types v0.0.0-20251210072721-82754f56609d/go.mod h1:tJx9kzXjCU+mT7BzZvqg149HnZiHmr8JvbFWsvm5vp0=
github.com/go-quicktest/qt v1.102.0 h1:HSQxCeh5YZH3EL3W39ixjtyaEhcWSXQHtHnMBzSs474=
github.com/go-quicktest/qt v1.102.0/go.mod h1:p4lGIVX+8Wa6ZPNDvqcxq36XpUDLh42FLetFU7odllI=
github.com/google/go-cmp v0.7.0 h1:wk8382ETsv4JYUZwIsn6YpYiWiBsYLSJiTsyBybVuN8=
github.com/google/go-cmp v0.7.0/go.mod h1:pXiqmnSA92OHEEa9HXL2W4E7lf9JzCmGVUdgjX3N/iU=
github.com/google/uuid v1.6.0 h1:NIvaJDMOsjHA8n1jAhLSgzrAzy1Hgr+hNrb57e+94F0=
github.com/google/uuid v1.6.0/go.mod h1:TIyPZe4MgqvfeYDBFedMoGGpEw/LqOeaOT+nhxU+yHo=
github.com/kr/pretty v0.3.1 h1:flRD4NNwYAUpkphVc1HcthR4KEIFJ65n8Mw5qdRn3LE=
github.com/kr/pretty v0.3.1/go.mod h1:hoEshYVHaxMs3cyo3Yncou5ZscifuDolrwPKZanG3xk=
github.com/kr/text v0.2.0 h1:5Nx0Ya0ZqY2ygV366QzturHI13Jq95ApcVaJBhpS+AY=
github.com/kr/text v0.2.0/go.mod h1:eLer722TekiGuMkidMxC/pM04lWEeraHUUmBw8l2grE=
github.com/rogpeppe/go-internal v1.15.0 h1:D0RCU5rMAp+SpgkiNdrjfJ+LX4J1M32V2NeCY7EJ6hc=
github.com/rogpeppe/go-internal v1.15.0/go.mod h1:DrUVZyrJU+txYW5/1kwtXQSMFio52ZOxX7yM1VHvnxs=
github.com/spf13/afero v1.15.0 h1:b/YBCLWAJdFWJTN9cLhiXXcD7mzKn9Dm86dNnfyQw1I=
github.com/spf13/afero v1.15.0/go.mod h1:NC2ByUVxtQs4b3sIUphxK0NioZnmxgyCrfzeuq8lxMg=
golang.org/x/exp v0.0.0-20260820142414-ca536658362e h1:01Ju2A/fZKkci4zqx0eZxw//DnRYOnBiGJG14hFBhO8=
golang.org/x/exp v0.0.0-20260820142414-ca536658362e/go.mod h1:zeBbvyFKDaLwa7CH/zI8KXt7gTl14SF7sO08Pl5jBCM=
golang.org/x/mod v0.40.0 h1:hUv+3cXcdRHz08UmSiOob7sadHig73uo5bkXxQ/tvUs=
golang.org/x/mod v0.40.0/go.mod h1:0/weTWkPWGBikyTWAX3dkjVztMmBA5hM0DH6BElSupE=
golang.org/x/sync v0.22.0 h1:SZjpbeLmrCk4xhRSZFNZW5gFUeCeFgjekvI/+gfScek=
golang.org/x/sync v0.22.0/go.mod h1:9xrNwdLfx4jkKbNva9FpL6vEN7evnE43NNNJQ2LF3+0=
golang.org/x/text v0.41.0 h1:vz/seA0lnX87Othu2f/0L24RcgrXD9/YFTSuGjj3rH8=
golang.org/x/text v0.41.0/go.mod h1:jvf1O8ajNzZqhSrQBPbutR/EB83Cc0CFrezNQIwbb5M=
golang.org/x/tools v0.49.0 h1:3NI7VXzL9+1WZD52Dx2ttoPwD5DWrFGpl9mFZDlmisI=
golang.org/x/tools v0.49.0/go.mod h1:SJNXV9DBKT0UbdttsQjbfJlAE/q+y36++zo3uL3N0Oo=
gopkg.in/check.v1 v0.0.0-20161208181325-20d25e280405/go.mod h1:Co6ibVJAznAaIkqp8huTwlJQCZ016jof/cbN4VW5Yz0=
gopkg.in/check.v1 v1.0.0-20201130134442-10cb98267c6c h1:Hei/4ADfdWqJk1ZMxUNpqntNwaWcugrBjAiHlqqRiVk=
gopkg.in/check.v1 v1.0.0-20201130134442-10cb98267c6c/go.mod h1:JHkPIbrfpd72SG/EVd6muEfDQjcINNoR0C8j2r3qZ4Q=
gopkg.in/yaml.v3 v3.0.1 h1:fxVm/GzAzEWqLHuvctI91KS9hhNmmWOoWu0XTYJS7CA=
gopkg.in/yaml.v3 v3.0.1/go.mod h1:K4uyk7z7BCEPqu6E+C64Yfv1cQ7kz7rIZviUmN+EgEM=
mvdan.cc/gofumpt v0.11.0 h1:0H01XB95PnN2QgCSR9ELdZyTlJqNZ7181B0BTMh5VZc=
mvdan.cc/gofumpt v0.11.0/go.mod h1:BeT5wCsOJt6J9zT2MZIOGszjUHzFkn1/l9g6xAzqsXo=
